
Microsoft Visual Studio Solution File, Format Version 12.00
# Visual Studio Version 16
VisualStudioVersion = 16.0.33027.164
MinimumVisualStudioVersion = 10.0.40219.1
Project("{FAE04EC0-301F-11D3-BF4B-00C04F79EFBC}") = "SMSAPIModule", "SMSAPIModule\SMSAPIModule.csproj", "{89B3FFEF-FB9C-4D06-88A1-6C7B2BAF34EA}"
EndProject
Project("{FAE04EC0-301F-11D3-BF4B-00C04F79EFBC}") = "ConsoleApp1", "ConsoleApp1\ConsoleApp1.csproj", "{6E3463CA-09E9-4FC1-A542-6D5C876C3EE0}"
EndProject
Global
	GlobalSection(SolutionConfigurationPlatforms) = preSolution
		Debug|Any CPU = Debug|Any CPU
		Release|Any CPU = Release|Any CPU
	EndGlobalSection
	GlobalSection(ProjectConfigurationPlatforms) = postSolution
		{89B3FFEF-FB9C-4D06-88A1-6C7B2BAF34EA}.Debug|Any CPU.ActiveCfg = Debug|Any CPU
		{89B3FFEF-FB9C-4D06-88A1-6C7B2BAF34EA}.Debug|Any CPU.Build.0 = Debug|Any CPU
		{89B3FFEF-FB9C-4D06-88A1-6C7B2BAF34EA}.Release|Any CPU.ActiveCfg = Release|Any CPU
		{89B3FFEF-FB9C-4D06-88A1-6C7B2BAF34EA}.Release|Any CPU.Build.0 = Release|Any CPU
		{6E3463CA-09E9-4FC1-A542-6D5C876C3EE0}.Debug|Any CPU.ActiveCfg = Debug|Any CPU
		{6E3463CA-09E9-4FC1-A542-6D5C876C3EE0}.Debug|Any CPU.Build.0 = Debug|Any CPU
		{6E3463CA-09E9-4FC1-A542-6D5C876C3EE0}.Release|Any CPU.ActiveCfg = Release|Any CPU
		{6E3463CA-09E9-4FC1-A542-6D5C876C3EE0}.Release|Any CPU.Build.0 = Release|Any CPU
	EndGlobalSection
	GlobalSection(SolutionProperties) = preSolution
		HideSolutionNode = FALSE
	EndGlobalSection
	GlobalSection(ExtensibilityGlobals) = postSolution
		SolutionGuid = {BEC4B7FA-8080-40C1-B8D3-CAFCEBD83893}
	EndGlobalSection
EndGlobal
